
Microsoft Visual Studio Solution File, Format Version 12.00
# Visual Studio 14
VisualStudioVersion = 14.0.24720.0
MinimumVisualStudioVersion = 10.0.40219.1
Project("{FAE04EC0-301F-11D3-BF4B-00C04F79EFBC}") = "Game.ActorModel", "Game.ActorModel\Game.ActorModel.csproj", "{6C5B75AE-D216-4A54-AB06-B2DD5FB81308}"
EndProject
Project("{FAE04EC0-301F-11D3-BF4B-00C04F79EFBC}") = "Game.Web", "Game.Web\Game.Web.csproj", "{E07EBCE0-B145-4546-B63A-E96329BC7545}"
EndProject
Project("{2150E333-8FDC-42A3-9474-1A3956D46DE8}") = "Solution Items", "Solution Items", "{1ECC91E3-EFE4-4086-AB40-77DED0D75DD8}"
	ProjectSection(SolutionItems) = preProject
		Readme.txt = Readme.txt
	EndProjectSection
EndProject
Project("{FAE04EC0-301F-11D3-BF4B-00C04F79EFBC}") = "Game.State", "Game.State\Game.State.csproj", "{A30C8203-1E5F-40E9-97E6-56A3D161F327}"
EndProject
Project("{FAE04EC0-301F-11D3-BF4B-00C04F79EFBC}") = "Game.WindowsService", "Game.WindowsService\Game.WindowsService.csproj", "{2AD82A1C-735F-42B4-BECE-A19CE8DA9976}"
EndProject
Global
	GlobalSection(SolutionConfigurationPlatforms) = preSolution
		Debug|Any CPU = Debug|Any CPU
		Release|Any CPU = Release|Any CPU
	EndGlobalSection
	GlobalSection(ProjectConfigurationPlatforms) = postSolution
		{6C5B75AE-D216-4A54-AB06-B2DD5FB81308}.Debug|Any CPU.ActiveCfg = Debug|Any CPU
		{6C5B75AE-D216-4A54-AB06-B2DD5FB81308}.Debug|Any CPU.Build.0 = Debug|Any CPU
		{6C5B75AE-D216-4A54-AB06-B2DD5FB81308}.Release|Any CPU.ActiveCfg = Release|Any CPU
		{6C5B75AE-D216-4A54-AB06-B2DD5FB81308}.Release|Any CPU.Build.0 = Release|Any CPU
		{E07EBCE0-B145-4546-B63A-E96329BC7545}.Debug|Any CPU.ActiveCfg = Debug|Any CPU
		{E07EBCE0-B145-4546-B63A-E96329BC7545}.Debug|Any CPU.Build.0 = Debug|Any CPU
		{E07EBCE0-B145-4546-B63A-E96329BC7545}.Release|Any CPU.ActiveCfg = Release|Any CPU
		{E07EBCE0-B145-4546-B63A-E96329BC7545}.Release|Any CPU.Build.0 = Release|Any CPU
		{A30C8203-1E5F-40E9-97E6-56A3D161F327}.Debug|Any CPU.ActiveCfg = Debug|Any CPU
		{A30C8203-1E5F-40E9-97E6-56A3D161F327}.Debug|Any CPU.Build.0 = Debug|Any CPU
		{A30C8203-1E5F-40E9-97E6-56A3D161F327}.Release|Any CPU.ActiveCfg = Release|Any CPU
		{A30C8203-1E5F-40E9-97E6-56A3D161F327}.Release|Any CPU.Build.0 = Release|Any CPU
		{2AD82A1C-735F-42B4-BECE-A19CE8DA9976}.Debug|Any CPU.ActiveCfg = Debug|Any CPU
		{2AD82A1C-735F-42B4-BECE-A19CE8DA9976}.Debug|Any CPU.Build.0 = Debug|Any CPU
		{2AD82A1C-735F-42B4-BECE-A19CE8DA9976}.Release|Any CPU.ActiveCfg = Release|Any CPU
		{2AD82A1C-735F-42B4-BECE-A19CE8DA9976}.Release|Any CPU.Build.0 = Release|Any CPU
	EndGlobalSection
	GlobalSection(SolutionProperties) = preSolution
		HideSolutionNode = FALSE
	EndGlobalSection
EndGlobal
